// !$*UTF8*$!
{
	archiveVersion = 1;
	classes = {
	};
	objectVersion = 55;
	objects = {

/* Begin PBXBuildFile section */
		3576083E27BD18E500B3B791 /* OrderConfirmationViewController.swift in Sources */ = {isa = PBXBuildFile; fileRef = 3576083D27BD18E500B3B791 /* OrderConfirmationViewController.swift */; };
		35BDE6E127A5CE32005CEB4B /* AppDelegate.swift in Sources */ = {isa = PBXBuildFile; fileRef = 35BDE6E027A5CE32005CEB4B /* AppDelegate.swift */; };
		35BDE6E327A5CE32005CEB4B /* SceneDelegate.swift in Sources */ = {isa = PBXBuildFile; fileRef = 35BDE6E227A5CE32005CEB4B /* SceneDelegate.swift */; };
		35BDE6E827A5CE32005CEB4B /* Main.storyboard in Resources */ = {isa = PBXBuildFile; fileRef = 35BDE6E627A5CE32005CEB4B /* Main.storyboard */; };
		35BDE6EA27A5CE35005CEB4B /* Assets.xcassets in Resources */ = {isa = PBXBuildFile; fileRef = 35BDE6E927A5CE35005CEB4B /* Assets.xcassets */; };
		35BDE6ED27A5CE35005CEB4B /* LaunchScreen.storyboard in Resources */ = {isa = PBXBuildFile; fileRef = 35BDE6EB27A5CE35005CEB4B /* LaunchScreen.storyboard */; };
		35BDE6F527A5DF6F005CEB4B /* CategoryTableViewController.swift in Sources */ = {isa = PBXBuildFile; fileRef = 35BDE6F427A5DF6F005CEB4B /* CategoryTableViewController.swift */; };
		35BDE6F727A5DF95005CEB4B /* MenuTableViewController.swift in Sources */ = {isa = PBXBuildFile; fileRef = 35BDE6F627A5DF95005CEB4B /* MenuTableViewController.swift */; };
		35BDE6F927A5DFA9005CEB4B /* OrderTableViewController.swift in Sources */ = {isa = PBXBuildFile; fileRef = 35BDE6F827A5DFA9005CEB4B /* OrderTableViewController.swift */; };
		35BDE6FC27A5E31E005CEB4B /* MenuItemDetailViewController.swift in Sources */ = {isa = PBXBuildFile; fileRef = 35BDE6FB27A5E31E005CEB4B /* MenuItemDetailViewController.swift */; };
		35BDE70027A5E4FA005CEB4B /* MenuItem.swift in Sources */ = {isa = PBXBuildFile; fileRef = 35BDE6FF27A5E4FA005CEB4B /* MenuItem.swift */; };
		35BDE70227A5E7B2005CEB4B /* MenuResponse.swift in Sources */ = {isa = PBXBuildFile; fileRef = 35BDE70127A5E7B2005CEB4B /* MenuResponse.swift */; };
		35BDE70727A5E930005CEB4B /* CategoriesResponse.swift in Sources */ = {isa = PBXBuildFile; fileRef = 35BDE70627A5E930005CEB4B /* CategoriesResponse.swift */; };
		35BDE70927A5E960005CEB4B /* OrderResponse.swift in Sources */ = {isa = PBXBuildFile; fileRef = 35BDE70827A5E960005CEB4B /* OrderResponse.swift */; };
		35BDE70B27A5E979005CEB4B /* Order.swift in Sources */ = {isa = PBXBuildFile; fileRef = 35BDE70A27A5E979005CEB4B /* Order.swift */; };
		35BDE70E27A85E9E005CEB4B /* MenuController.swift in Sources */ = {isa = PBXBuildFile; fileRef = 35BDE70D27A85E9E005CEB4B /* MenuController.swift */; };
/* End PBXBuildFile section */

/* Begin PBXFileReference section */
		3576083D27BD18E500B3B791 /* OrderConfirmationViewController.swift */ = {isa = PBXFileReference; lastKnownFileType = sourcecode.swift; path = OrderConfirmationViewController.swift; sourceTree = "<group>"; };
		35BDE6DD27A5CE32005CEB4B /* OrderApp.app */ = {isa = PBXFileReference; explicitFileType = wrapper.application; includeInIndex = 0; path = OrderApp.app; sourceTree = BUILT_PRODUCTS_DIR; };
		35BDE6E027A5CE32005CEB4B /* AppDelegate.swift */ = {isa = PBXFileReference; lastKnownFileType = sourcecode.swift; path = AppDelegate.swift; sourceTree = "<group>"; };
		35BDE6E227A5CE32005CEB4B /* SceneDelegate.swift */ = {isa = PBXFileReference; lastKnownFileType = sourcecode.swift; path = SceneDelegate.swift; sourceTree = "<group>"; };
		35BDE6E727A5CE32005CEB4B /* Base */ = {isa = PBXFileReference; lastKnownFileType = file.storyboard; name = Base; path = Base.lproj/Main.storyboard; sourceTree = "<group>"; };
		35BDE6E927A5CE35005CEB4B /* Assets.xcassets */ = {isa = PBXFileReference; lastKnownFileType = folder.assetcatalog; path = Assets.xcassets; sourceTree = "<group>"; };
		35BDE6EC27A5CE35005CEB4B /* Base */ = {isa = PBXFileReference; lastKnownFileType = file.storyboard; name = Base; path = Base.lproj/LaunchScreen.storyboard; sourceTree = "<group>"; };
		35BDE6EE27A5CE35005CEB4B /* Info.plist */ = {isa = PBXFileReference; lastKnownFileType = text.plist.xml; path = Info.plist; sourceTree = "<group>"; };
		35BDE6F427A5DF6F005CEB4B /* CategoryTableViewController.swift */ = {isa = PBXFileReference; lastKnownFileType = sourcecode.swift; path = CategoryTableViewController.swift; sourceTree = "<group>"; };
		35BDE6F627A5DF95005CEB4B /* MenuTableViewController.swift */ = {isa = PBXFileReference; lastKnownFileType = sourcecode.swift; path = MenuTableViewController.swift; sourceTree = "<group>"; };
		35BDE6F827A5DFA9005CEB4B /* OrderTableViewController.swift */ = {isa = PBXFileReference; lastKnownFileType = sourcecode.swift; path = OrderTableViewController.swift; sourceTree = "<group>"; };
		35BDE6FB27A5E31E005CEB4B /* MenuItemDetailViewController.swift */ = {isa = PBXFileReference; lastKnownFileType = sourcecode.swift; path = MenuItemDetailViewController.swift; sourceTree = "<group>"; };
		35BDE6FF27A5E4FA005CEB4B /* MenuItem.swift */ = {isa = PBXFileReference; lastKnownFileType = sourcecode.swift; path = MenuItem.swift; sourceTree = "<group>"; };
		35BDE70127A5E7B2005CEB4B /* MenuResponse.swift */ = {isa = PBXFileReference; lastKnownFileType = sourcecode.swift; path = MenuResponse.swift; sourceTree = "<group>"; };
		35BDE70627A5E930005CEB4B /* CategoriesResponse.swift */ = {isa = PBXFileReference; lastKnownFileType = sourcecode.swift; path = CategoriesResponse.swift; sourceTree = "<group>"; };
		35BDE70827A5E960005CEB4B /* OrderResponse.swift */ = {isa = PBXFileReference; lastKnownFileType = sourcecode.swift; path = OrderResponse.swift; sourceTree = "<group>"; };
		35BDE70A27A5E979005CEB4B /* Order.swift */ = {isa = PBXFileReference; lastKnownFileType = sourcecode.swift; path = Order.swift; sourceTree = "<group>"; };
		35BDE70D27A85E9E005CEB4B /* MenuController.swift */ = {isa = PBXFileReference; lastKnownFileType = sourcecode.swift; path = MenuController.swift; sourceTree = "<group>"; };
/* End PBXFileReference section */

/* Begin PBXFrameworksBuildPhase section */
		35BDE6DA27A5CE32005CEB4B /* Frameworks */ = {
			isa = PBXFrameworksBuildPhase;
			buildActionMask = 2147483647;
			files = (
			);
			runOnlyForDeploymentPostprocessing = 0;
		};
/* End PBXFrameworksBuildPhase section */

/* Begin PBXGroup section */
		35BDE6D427A5CE32005CEB4B = {
			isa = PBXGroup;
			children = (
				35BDE6DF27A5CE32005CEB4B /* OrderApp */,
				35BDE6DE27A5CE32005CEB4B /* Products */,
			);
			sourceTree = "<group>";
		};
		35BDE6DE27A5CE32005CEB4B /* Products */ = {
			isa = PBXGroup;
			children = (
				35BDE6DD27A5CE32005CEB4B /* OrderApp.app */,
			);
			name = Products;
			sourceTree = "<group>";
		};
		35BDE6DF27A5CE32005CEB4B /* OrderApp */ = {
			isa = PBXGroup;
			children = (
				35BDE70C27A85E68005CEB4B /* Controller */,
				35BDE6FE27A5E4D3005CEB4B /* Models */,
				35BDE6FD27A5E49A005CEB4B /* ViewController */,
				35BDE6FA27A5DFBA005CEB4B /* TableViewController */,
				35BDE6E027A5CE32005CEB4B /* AppDelegate.swift */,
				35BDE6E227A5CE32005CEB4B /* SceneDelegate.swift */,
				35BDE6E627A5CE32005CEB4B /* Main.storyboard */,
				35BDE6E927A5CE35005CEB4B /* Assets.xcassets */,
				35BDE6EB27A5CE35005CEB4B /* LaunchScreen.storyboard */,
				35BDE6EE27A5CE35005CEB4B /* Info.plist */,
			);
			path = OrderApp;
			sourceTree = "<group>";
		};
		35BDE6FA27A5DFBA005CEB4B /* TableViewController */ = {
			isa = PBXGroup;
			children = (
				35BDE6F427A5DF6F005CEB4B /* CategoryTableViewController.swift */,
				35BDE6F627A5DF95005CEB4B /* MenuTableViewController.swift */,
				35BDE6F827A5DFA9005CEB4B /* OrderTableViewController.swift */,
			);
			path = TableViewController;
			sourceTree = "<group>";
		};
		35BDE6FD27A5E49A005CEB4B /* ViewController */ = {
			isa = PBXGroup;
			children = (
				35BDE6FB27A5E31E005CEB4B /* MenuItemDetailViewController.swift */,
				3576083D27BD18E500B3B791 /* OrderConfirmationViewController.swift */,
			);
			path = ViewController;
			sourceTree = "<group>";
		};
		35BDE6FE27A5E4D3005CEB4B /* Models */ = {
			isa = PBXGroup;
			children = (
				35BDE70527A5E907005CEB4B /* Response */,
				35BDE6FF27A5E4FA005CEB4B /* MenuItem.swift */,
				35BDE70A27A5E979005CEB4B /* Order.swift */,
			);
			path = Models;
			sourceTree = "<group>";
		};
		35BDE70527A5E907005CEB4B /* Response */ = {
			isa = PBXGroup;
			children = (
				35BDE70127A5E7B2005CEB4B /* MenuResponse.swift */,
				35BDE70627A5E930005CEB4B /* CategoriesResponse.swift */,
				35BDE70827A5E960005CEB4B /* OrderResponse.swift */,
			);
			path = Response;
			sourceTree = "<group>";
		};
		35BDE70C27A85E68005CEB4B /* Controller */ = {
			isa = PBXGroup;
			children = (
				35BDE70D27A85E9E005CEB4B /* MenuController.swift */,
			);
			path = Controller;
			sourceTree = "<group>";
		};
/* End PBXGroup section */

/* Begin PBXNativeTarget section */
		35BDE6DC27A5CE32005CEB4B /* OrderApp */ = {
			isa = PBXNativeTarget;
			buildConfigurationList = 35BDE6F127A5CE35005CEB4B /* Build configuration list for PBXNativeTarget "OrderApp" */;
			buildPhases = (
				35BDE6D927A5CE32005CEB4B /* Sources */,
				35BDE6DA27A5CE32005CEB4B /* Frameworks */,
				35BDE6DB27A5CE32005CEB4B /* Resources */,
			);
			buildRules = (
			);
			dependencies = (
			);
			name = OrderApp;
			productName = OrderApp;
			productReference = 35BDE6DD27A5CE32005CEB4B /* OrderApp.app */;
			productType = "com.apple.product-type.application";
		};
/* End PBXNativeTarget section */

/* Begin PBXProject section */
		35BDE6D527A5CE32005CEB4B /* Project object */ = {
			isa = PBXProject;
			attributes = {
				BuildIndependentTargetsInParallel = 1;
				LastSwiftUpdateCheck = 1310;
				LastUpgradeCheck = 1310;
				TargetAttributes = {
					35BDE6DC27A5CE32005CEB4B = {
						CreatedOnToolsVersion = 13.1;
					};
				};
			};
			buildConfigurationList = 35BDE6D827A5CE32005CEB4B /* Build configuration list for PBXProject "OrderApp" */;
			compatibilityVersion = "Xcode 13.0";
			developmentRegion = en;
			hasScannedForEncodings = 0;
			knownRegions = (
				en,
				Base,
			);
			mainGroup = 35BDE6D427A5CE32005CEB4B;
			productRefGroup = 35BDE6DE27A5CE32005CEB4B /* Products */;
			projectDirPath = "";
			projectRoot = "";
			targets = (
				35BDE6DC27A5CE32005CEB4B /* OrderApp */,
			);
		};
/* End PBXProject section */

/* Begin PBXResourcesBuildPhase section */
		35BDE6DB27A5CE32005CEB4B /* Resources */ = {
			isa = PBXResourcesBuildPhase;
			buildActionMask = 2147483647;
			files = (
				35BDE6ED27A5CE35005CEB4B /* LaunchScreen.storyboard in Resources */,
				35BDE6EA27A5CE35005CEB4B /* Assets.xcassets in Resources */,
				35BDE6E827A5CE32005CEB4B /* Main.storyboard in Resources */,
			);
			runOnlyForDeploymentPostprocessing = 0;
		};
/* End PBXResourcesBuildPhase section */

/* Begin PBXSourcesBuildPhase section */
		35BDE6D927A5CE32005CEB4B /* Sources */ = {
			isa = PBXSourcesBuildPhase;
			buildActionMask = 2147483647;
			files = (
				35BDE6E127A5CE32005CEB4B /* AppDelegate.swift in Sources */,
				35BDE70727A5E930005CEB4B /* CategoriesResponse.swift in Sources */,
				35BDE6F727A5DF95005CEB4B /* MenuTableViewController.swift in Sources */,
				35BDE6FC27A5E31E005CEB4B /* MenuItemDetailViewController.swift in Sources */,
				3576083E27BD18E500B3B791 /* OrderConfirmationViewController.swift in Sources */,
				35BDE70E27A85E9E005CEB4B /* MenuController.swift in Sources */,
				35BDE70227A5E7B2005CEB4B /* MenuResponse.swift in Sources */,
				35BDE70B27A5E979005CEB4B /* Order.swift in Sources */,
				35BDE6E327A5CE32005CEB4B /* SceneDelegate.swift in Sources */,
				35BDE70927A5E960005CEB4B /* OrderResponse.swift in Sources */,
				35BDE70027A5E4FA005CEB4B /* MenuItem.swift in Sources */,
				35BDE6F927A5DFA9005CEB4B /* OrderTableViewController.swift in Sources */,
				35BDE6F527A5DF6F005CEB4B /* CategoryTableViewController.swift in Sources */,
			);
			runOnlyForDeploymentPostprocessing = 0;
		};
/* End PBXSourcesBuildPhase section */

/* Begin PBXVariantGroup section */
		35BDE6E627A5CE32005CEB4B /* Main.storyboard */ = {
			isa = PBXVariantGroup;
			children = (
				35BDE6E727A5CE32005CEB4B /* Base */,
			);
			name = Main.storyboard;
			sourceTree = "<group>";
		};
		35BDE6EB27A5CE35005CEB4B /* LaunchScreen.storyboard */ = {
			isa = PBXVariantGroup;
			children = (
				35BDE6EC27A5CE35005CEB4B /* Base */,
			);
			name = LaunchScreen.storyboard;
			sourceTree = "<group>";
		};
/* End PBXVariantGroup section */

/* Begin XCBuildConfiguration section */
		35BDE6EF27A5CE35005CEB4B /* Debug */ = {
			isa = XCBuildConfiguration;
			buildSettings = {
				ALWAYS_SEARCH_USER_PATHS = NO;
				CLANG_ANALYZER_NONNULL = YES;
				CLANG_ANALYZER_NUMBER_OBJECT_CONVERSION = YES_AGGRESSIVE;
				CLANG_CXX_LANGUAGE_STANDARD = "gnu++17";
				CLANG_CXX_LIBRARY = "libc++";
				CLANG_ENABLE_MODULES = YES;
				CLANG_ENABLE_OBJC_ARC = YES;
				CLANG_ENABLE_OBJC_WEAK = YES;
				CLANG_WARN_BLOCK_CAPTURE_AUTORELEASING = YES;
				CLANG_WARN_BOOL_CONVERSION = YES;
				CLANG_WARN_COMMA = YES;
				CLANG_WARN_CONSTANT_CONVERSION = YES;
				CLANG_WARN_DEPRECATED_OBJC_IMPLEMENTATIONS = YES;
				CLANG_WARN_DIRECT_OBJC_ISA_USAGE = YES_ERROR;
				CLANG_WARN_DOCUMENTATION_COMMENTS = YES;
				CLANG_WARN_EMPTY_BODY = YES;
				CLANG_WARN_ENUM_CONVERSION = YES;
				CLANG_WARN_INFINITE_RECURSION = YES;
				CLANG_WARN_INT_CONVERSION = YES;
				CLANG_WARN_NON_LITERAL_NULL_CONVERSION = YES;
				CLANG_WARN_OBJC_IMPLICIT_RETAIN_SELF = YES;
				CLANG_WARN_OBJC_LITERAL_CONVERSION = YES;
				CLANG_WARN_OBJC_ROOT_CLASS = YES_ERROR;
				CLANG_WARN_QUOTED_INCLUDE_IN_FRAMEWORK_HEADER = YES;
				CLANG_WARN_RANGE_LOOP_ANALYSIS = YES;
				CLANG_WARN_STRICT_PROTOTYPES = YES;
				CLANG_WARN_SUSPICIOUS_MOVE = YES;
				CLANG_WARN_UNGUARDED_AVAILABILITY = YES_AGGRESSIVE;
				CLANG_WARN_UNREACHABLE_CODE = YES;
				CLANG_WARN__DUPLICATE_METHOD_MATCH = YES;
				COPY_PHASE_STRIP = NO;
				DEBUG_INFORMATION_FORMAT = dwarf;
				ENABLE_STRICT_OBJC_MSGSEND = YES;
				ENABLE_TESTABILITY = YES;
				GCC_C_LANGUAGE_STANDARD = gnu11;
				GCC_DYNAMIC_NO_PIC = NO;
				GCC_NO_COMMON_BLOCKS = YES;
				GCC_OPTIMIZATION_LEVEL = 0;
				GCC_PREPROCESSOR_DEFINITIONS = (
					"DEBUG=1",
					"$(inherited)",
				);
				GCC_WARN_64_TO_32_BIT_CONVERSION = YES;
				GCC_WARN_ABOUT_RETURN_TYPE = YES_ERROR;
				GCC_WARN_UNDECLARED_SELECTOR = YES;
				GCC_WARN_UNINITIALIZED_AUTOS = YES_AGGRESSIVE;
				GCC_WARN_UNUSED_FUNCTION = YES;
				GCC_WARN_UNUSED_VARIABLE = YES;
				IPHONEOS_DEPLOYMENT_TARGET = 15.0;
				MTL_ENABLE_DEBUG_INFO = INCLUDE_SOURCE;
				MTL_FAST_MATH = YES;
				ONLY_ACTIVE_ARCH = YES;
				SDKROOT = iphoneos;
				SWIFT_ACTIVE_COMPILATION_CONDITIONS = DEBUG;
				SWIFT_OPTIMIZATION_LEVEL = "-Onone";
			};
			name = Debug;
		};
		35BDE6F027A5CE35005CEB4B /* Release */ = {
			isa = XCBuildConfiguration;
			buildSettings = {
				ALWAYS_SEARCH_USER_PATHS = NO;
				CLANG_ANALYZER_NONNULL = YES;
				CLANG_ANALYZER_NUMBER_OBJECT_CONVERSION = YES_AGGRESSIVE;
				CLANG_CXX_LANGUAGE_STANDARD = "gnu++17";
				CLANG_CXX_LIBRARY = "libc++";
				CLANG_ENABLE_MODULES = YES;
				CLANG_ENABLE_OBJC_ARC = YES;
				CLANG_ENABLE_OBJC_WEAK = YES;
				CLANG_WARN_BLOCK_CAPTURE_AUTORELEASING = YES;
				CLANG_WARN_BOOL_CONVERSION = YES;
				CLANG_WARN_COMMA = YES;
				CLANG_WARN_CONSTANT_CONVERSION = YES;
				CLANG_WARN_DEPRECATED_OBJC_IMPLEMENTATIONS = YES;
				CLANG_WARN_DIRECT_OBJC_ISA_USAGE = YES_ERROR;
				CLANG_WARN_DOCUMENTATION_COMMENTS = YES;
				CLANG_WARN_EMPTY_BODY = YES;
				CLANG_WARN_ENUM_CONVERSION = YES;
				CLANG_WARN_INFINITE_RECURSION = YES;
				CLANG_WARN_INT_CONVERSION = YES;
				CLANG_WARN_NON_LITERAL_NULL_CONVERSION = YES;
				CLANG_WARN_OBJC_IMPLICIT_RETAIN_SELF = YES;
				CLANG_WARN_OBJC_LITERAL_CONVERSION = YES;
				CLANG_WARN_OBJC_ROOT_CLASS = YES_ERROR;
				CLANG_WARN_QUOTED_INCLUDE_IN_FRAMEWORK_HEADER = YES;
				CLANG_WARN_RANGE_LOOP_ANALYSIS = YES;
				CLANG_WARN_STRICT_PROTOTYPES = YES;
				CLANG_WARN_SUSPICIOUS_MOVE = YES;
				CLANG_WARN_UNGUARDED_AVAILABILITY = YES_AGGRESSIVE;
				CLANG_WARN_UNREACHABLE_CODE = YES;
				CLANG_WARN__DUPLICATE_METHOD_MATCH = YES;
				COPY_PHASE_STRIP = NO;
				DEBUG_INFORMATION_FORMAT = "dwarf-with-dsym";
				ENABLE_NS_ASSERTIONS = NO;
				ENABLE_STRICT_OBJC_MSGSEND = YES;
				GCC_C_LANGUAGE_STANDARD = gnu11;
				GCC_NO_COMMON_BLOCKS = YES;
				GCC_WARN_64_TO_32_BIT_CONVERSION = YES;
				GCC_WARN_ABOUT_RETURN_TYPE = YES_ERROR;
				GCC_WARN_UNDECLARED_SELECTOR = YES;
				GCC_WARN_UNINITIALIZED_AUTOS = YES_AGGRESSIVE;
				GCC_WARN_UNUSED_FUNCTION = YES;
				GCC_WARN_UNUSED_VARIABLE = YES;
				IPHONEOS_DEPLOYMENT_TARGET = 15.0;
				MTL_ENABLE_DEBUG_INFO = NO;
				MTL_FAST_MATH = YES;
				SDKROOT = iphoneos;
				SWIFT_COMPILATION_MODE = wholemodule;
				SWIFT_OPTIMIZATION_LEVEL = "-O";
				VALIDATE_PRODUCT = YES;
			};
			name = Release;
		};
		35BDE6F227A5CE35005CEB4B /* Debug */ = {
			isa = XCBuildConfiguration;
			buildSettings = {
				ASSETCATALOG_COMPILER_APPICON_NAME = AppIcon;
				ASSETCATALOG_COMPILER_GLOBAL_ACCENT_COLOR_NAME = AccentColor;
				CODE_SIGN_STYLE = Automatic;
				CURRENT_PROJECT_VERSION = 1;
				GENERATE_INFOPLIST_FILE = YES;
				INFOPLIST_FILE = OrderApp/Info.plist;
				INFOPLIST_KEY_UIApplicationSupportsIndirectInputEvents = YES;
				INFOPLIST_KEY_UILaunchStoryboardName = LaunchScreen;
				INFOPLIST_KEY_UIMainStoryboardFile = Main;
				INFOPLIST_KEY_UISupportedInterfaceOrientations_iPad = "UIInterfaceOrientationPortrait UIInterfaceOrientationPortraitUpsideDown UIInterfaceOrientationLandscapeLeft UIInterfaceOrientationLandscapeRight";
				INFOPLIST_KEY_UISupportedInterfaceOrientations_iPhone = "UIInterfaceOrientationPortrait UIInterfaceOrientationLandscapeLeft UIInterfaceOrientationLandscapeRight";
				LD_RUNPATH_SEARCH_PATHS = (
					"$(inherited)",
					"@executable_path/Frameworks",
				);
				MARKETING_VERSION = 1.0;
				PRODUCT_BUNDLE_IDENTIFIER = com.tech42..OrderApp;
				PRODUCT_NAME = "$(TARGET_NAME)";
				SWIFT_EMIT_LOC_STRINGS = YES;
				SWIFT_VERSION = 5.0;
				TARGETED_DEVICE_FAMILY = "1,2";
			};
			name = Debug;
		};
		35BDE6F327A5CE35005CEB4B /* Release */ = {
			isa = XCBuildConfiguration;
			buildSettings = {
				ASSETCATALOG_COMPILER_APPICON_NAME = AppIcon;
				ASSETCATALOG_COMPILER_GLOBAL_ACCENT_COLOR_NAME = AccentColor;
				CODE_SIGN_STYLE = Automatic;
				CURRENT_PROJECT_VERSION = 1;
				GENERATE_INFOPLIST_FILE = YES;
				INFOPLIST_FILE = OrderApp/Info.plist;
				INFOPLIST_KEY_UIApplicationSupportsIndirectInputEvents = YES;
				INFOPLIST_KEY_UILaunchStoryboardName = LaunchScreen;
				INFOPLIST_KEY_UIMainStoryboardFile = Main;
				INFOPLIST_KEY_UISupportedInterfaceOrientations_iPad = "UIInterfaceOrientationPortrait UIInterfaceOrientationPortraitUpsideDown UIInterfaceOrientationLandscapeLeft UIInterfaceOrientationLandscapeRight";
				INFOPLIST_KEY_UISupportedInterfaceOrientations_iPhone = "UIInterfaceOrientationPortrait UIInterfaceOrientationLandscapeLeft UIInterfaceOrientationLandscapeRight";
				LD_RUNPATH_SEARCH_PATHS = (
					"$(inherited)",
					"@executable_path/Frameworks",
				);
				MARKETING_VERSION = 1.0;
				PRODUCT_BUNDLE_IDENTIFIER = com.tech42..OrderApp;
				PRODUCT_NAME = "$(TARGET_NAME)";
				SWIFT_EMIT_LOC_STRINGS = YES;
				SWIFT_VERSION = 5.0;
				TARGETED_DEVICE_FAMILY = "1,2";
			};
			name = Release;
		};
/* End XCBuildConfiguration section */

/* Begin XCConfigurationList section */
		35BDE6D827A5CE32005CEB4B /* Build configuration list for PBXProject "OrderApp" */ = {
			isa = XCConfigurationList;
			buildConfigurations = (
				35BDE6EF27A5CE35005CEB4B /* Debug */,
				35BDE6F027A5CE35005CEB4B /* Release */,
			);
			defaultConfigurationIsVisible = 0;
			defaultConfigurationName = Release;
		};
		35BDE6F127A5CE35005CEB4B /* Build configuration list for PBXNativeTarget "OrderApp" */ = {
			isa = XCConfigurationList;
			buildConfigurations = (
				35BDE6F227A5CE35005CEB4B /* Debug */,
				35BDE6F327A5CE35005CEB4B /* Release */,
			);
			defaultConfigurationIsVisible = 0;
			defaultConfigurationName = Release;
		};
/* End XCConfigurationList section */
	};
	rootObject = 35BDE6D527A5CE32005CEB4B /* Project object */;
}
